
Microsoft Visual Studio Solution File, Format Version 12.00
# Visual Studio 15
VisualStudioVersion = 15.0.28307.645
MinimumVisualStudioVersion = 10.0.40219.1
Project("{FAE04EC0-301F-11D3-BF4B-00C04F79EFBC}") = "WebApp", "WebApp\WebApp.csproj", "{EC742C93-1991-44AF-B13E-26C31E6A020F}"
EndProject
Project("{FAE04EC0-301F-11D3-BF4B-00C04F79EFBC}") = "DAL", "DAL\DAL.csproj", "{ECC802A1-4CE8-49CD-B643-46FD86B804B5}"
EndProject
Global
	GlobalSection(SolutionConfigurationPlatforms) = preSolution
		Debug|Any CPU = Debug|Any CPU
		Release|Any CPU = Release|Any CPU
	EndGlobalSection
	GlobalSection(ProjectConfigurationPlatforms) = postSolution
		{EC742C93-1991-44AF-B13E-26C31E6A020F}.Debug|Any CPU.ActiveCfg = Debug|Any CPU
		{EC742C93-1991-44AF-B13E-26C31E6A020F}.Debug|Any CPU.Build.0 = Debug|Any CPU
		{EC742C93-1991-44AF-B13E-26C31E6A020F}.Release|Any CPU.ActiveCfg = Release|Any CPU
		{EC742C93-1991-44AF-B13E-26C31E6A020F}.Release|Any CPU.Build.0 = Release|Any CPU
		{ECC802A1-4CE8-49CD-B643-46FD86B804B5}.Debug|Any CPU.ActiveCfg = Debug|Any CPU
		{ECC802A1-4CE8-49CD-B643-46FD86B804B5}.Debug|Any CPU.Build.0 = Debug|Any CPU
		{ECC802A1-4CE8-49CD-B643-46FD86B804B5}.Release|Any CPU.ActiveCfg = Release|Any CPU
		{ECC802A1-4CE8-49CD-B643-46FD86B804B5}.Release|Any CPU.Build.0 = Release|Any CPU
	EndGlobalSection
	GlobalSection(SolutionProperties) = preSolution
		HideSolutionNode = FALSE
	EndGlobalSection
	GlobalSection(ExtensibilityGlobals) = postSolution
		SolutionGuid = {78B57ED5-2893-4B19-82B5-65484F794279}
	EndGlobalSection
EndGlobal
